
Microsoft Visual Studio Solution File, Format Version 12.00
# Visual Studio 14
VisualStudioVersion = 14.0.24720.0
MinimumVisualStudioVersion = 10.0.40219.1
Project("{FAE04EC0-301F-11D3-BF4B-00C04F79EFBC}") = "Web", "Web\Web.csproj", "{3A107DAE-01FC-46E2-B61B-F00DF4FAD2AB}"
EndProject
Project("{FAE04EC0-301F-11D3-BF4B-00C04F79EFBC}") = "Data", "Data\Data.csproj", "{1F24A174-2564-45D3-BF87-29F908457B10}"
EndProject
Project("{FAE04EC0-301F-11D3-BF4B-00C04F79EFBC}") = "Core", "Core\Core.csproj", "{A61F694E-64C3-4558-B166-209FE85460AF}"
EndProject
Project("{FAE04EC0-301F-11D3-BF4B-00C04F79EFBC}") = "Test", "Test\Test.csproj", "{30A30371-5134-420F-A585-9C20BDC7FBF0}"
EndProject
Global
	GlobalSection(SolutionConfigurationPlatforms) = preSolution
		Debug|Any CPU = Debug|Any CPU
		Release|Any CPU = Release|Any CPU
	EndGlobalSection
	GlobalSection(ProjectConfigurationPlatforms) = postSolution
		{3A107DAE-01FC-46E2-B61B-F00DF4FAD2AB}.Debug|Any CPU.ActiveCfg = Debug|Any CPU
		{3A107DAE-01FC-46E2-B61B-F00DF4FAD2AB}.Debug|Any CPU.Build.0 = Debug|Any CPU
		{3A107DAE-01FC-46E2-B61B-F00DF4FAD2AB}.Release|Any CPU.ActiveCfg = Release|Any CPU
		{3A107DAE-01FC-46E2-B61B-F00DF4FAD2AB}.Release|Any CPU.Build.0 = Release|Any CPU
		{1F24A174-2564-45D3-BF87-29F908457B10}.Debug|Any CPU.ActiveCfg = Debug|Any CPU
		{1F24A174-2564-45D3-BF87-29F908457B10}.Debug|Any CPU.Build.0 = Debug|Any CPU
		{1F24A174-2564-45D3-BF87-29F908457B10}.Release|Any CPU.ActiveCfg = Release|Any CPU
		{1F24A174-2564-45D3-BF87-29F908457B10}.Release|Any CPU.Build.0 = Release|Any CPU
		{A61F694E-64C3-4558-B166-209FE85460AF}.Debug|Any CPU.ActiveCfg = Debug|Any CPU
		{A61F694E-64C3-4558-B166-209FE85460AF}.Debug|Any CPU.Build.0 = Debug|Any CPU
		{A61F694E-64C3-4558-B166-209FE85460AF}.Release|Any CPU.ActiveCfg = Release|Any CPU
		{A61F694E-64C3-4558-B166-209FE85460AF}.Release|Any CPU.Build.0 = Release|Any CPU
		{30A30371-5134-420F-A585-9C20BDC7FBF0}.Debug|Any CPU.ActiveCfg = Debug|Any CPU
		{30A30371-5134-420F-A585-9C20BDC7FBF0}.Debug|Any CPU.Build.0 = Debug|Any CPU
		{30A30371-5134-420F-A585-9C20BDC7FBF0}.Release|Any CPU.ActiveCfg = Release|Any CPU
		{30A30371-5134-420F-A585-9C20BDC7FBF0}.Release|Any CPU.Build.0 = Release|Any CPU
	EndGlobalSection
	GlobalSection(SolutionProperties) = preSolution
		HideSolutionNode = FALSE
	EndGlobalSection
EndGlobal
